
Microsoft Visual Studio Solution File, Format Version 12.00
# Visual Studio 15
VisualStudioVersion = 15.0.28307.329
MinimumVisualStudioVersion = 10.0.40219.1
Project("{FAE04EC0-301F-11D3-BF4B-00C04F79EFBC}") = "VanishFlare", "VanishFlare\VanishFlare.csproj", "{9CEAD64F-0CFC-4BC1-97E6-73AE1F469FA3}"
EndProject
Project("{FAE04EC0-301F-11D3-BF4B-00C04F79EFBC}") = "Sample", "Sample\Sample.csproj", "{522A1556-BD52-49D3-A063-167E5B833EC7}"
EndProject
Global
	GlobalSection(SolutionConfigurationPlatforms) = preSolution
		Debug|Any CPU = Debug|Any CPU
		Release|Any CPU = Release|Any CPU
	EndGlobalSection
	GlobalSection(ProjectConfigurationPlatforms) = postSolution
		{9CEAD64F-0CFC-4BC1-97E6-73AE1F469FA3}.Debug|Any CPU.ActiveCfg = Debug|Any CPU
		{9CEAD64F-0CFC-4BC1-97E6-73AE1F469FA3}.Debug|Any CPU.Build.0 = Debug|Any CPU
		{9CEAD64F-0CFC-4BC1-97E6-73AE1F469FA3}.Release|Any CPU.ActiveCfg = Release|Any CPU
		{9CEAD64F-0CFC-4BC1-97E6-73AE1F469FA3}.Release|Any CPU.Build.0 = Release|Any CPU
		{522A1556-BD52-49D3-A063-167E5B833EC7}.Debug|Any CPU.ActiveCfg = Debug|Any CPU
		{522A1556-BD52-49D3-A063-167E5B833EC7}.Debug|Any CPU.Build.0 = Debug|Any CPU
		{522A1556-BD52-49D3-A063-167E5B833EC7}.Release|Any CPU.ActiveCfg = Release|Any CPU
		{522A1556-BD52-49D3-A063-167E5B833EC7}.Release|Any CPU.Build.0 = Release|Any CPU
	EndGlobalSection
	GlobalSection(SolutionProperties) = preSolution
		HideSolutionNode = FALSE
	EndGlobalSection
	GlobalSection(ExtensibilityGlobals) = postSolution
		SolutionGuid = {013D4ED1-7922-4C92-9A37-C052C2B88AC9}
	EndGlobalSection
EndGlobal
